{
  "requires": true,
  "lockfileVersion": 1,
  "dependencies": {
    "caf": {
      "version": "8.0.1",
      "resolved": "https://registry.npmjs.org/caf/-/caf-8.0.1.tgz",
      "integrity": "sha512-RRur5Sm2RrodjpS3vLvwPSb+CxepirRBhRmsQMGfatmRew5UCoxd30nPqpx1oHOXjYNH/sHf9KC4bIGXo9ymUw=="
    },
    "get-stdin": {
      "version": "7.0.0",
      "resolved": "https://registry.npmjs.org/get-stdin/-/get-stdin-7.0.0.tgz",
      "integrity": "sha512-zRKcywvrXlXsA0v0i9Io4KDRaAw7+a1ZpjRwl9Wox8PFlVCCHra7E9c4kqXCoCM9nR5tBkaTTZRBoCm60bFqTQ=="
    },
    "minimist": {
      "version": "1.2.3",
      "resolved": "https://registry.npmjs.org/minimist/-/minimist-1.2.3.tgz",
      "integrity": "sha512-+bMdgqjMN/Z77a6NlY/I3U5LlRDbnmaAk6lDveAPKwSpcPM4tKAuYsvYF8xjhOPXhOYGe/73vVLVez5PW+jqhw=="
    }
  }
}
